// !$*UTF8*$!
{
	archiveVersion = 1;
	classes = {
	};
	objectVersion = 56;
	objects = {

/* Begin PBXBuildFile section */
		21EDF82029FEB887000C9BFF /* NASAApp.swift in Sources */ = {isa = PBXBuildFile; fileRef = 21EDF81F29FEB887000C9BFF /* NASAApp.swift */; };
		21EDF82429FEB88A000C9BFF /* Assets.xcassets in Resources */ = {isa = PBXBuildFile; fileRef = 21EDF82329FEB88A000C9BFF /* Assets.xcassets */; };
		21EDF82729FEB88A000C9BFF /* Preview Assets.xcassets in Resources */ = {isa = PBXBuildFile; fileRef = 21EDF82629FEB88A000C9BFF /* Preview Assets.xcassets */; };
		21EDF82F29FEBA6E000C9BFF /* SearchResult.swift in Sources */ = {isa = PBXBuildFile; fileRef = 21EDF82E29FEBA6E000C9BFF /* SearchResult.swift */; };
		21EDF83129FEBF9D000C9BFF /* SearchResults.swift in Sources */ = {isa = PBXBuildFile; fileRef = 21EDF83029FEBF9D000C9BFF /* SearchResults.swift */; };
		21EDF83429FECDB3000C9BFF /* NASAClientAPI.swift in Sources */ = {isa = PBXBuildFile; fileRef = 21EDF83329FECDB3000C9BFF /* NASAClientAPI.swift */; };
		21EDF83729FEE139000C9BFF /* ImageLoader.swift in Sources */ = {isa = PBXBuildFile; fileRef = 21EDF83629FEE139000C9BFF /* ImageLoader.swift */; };
		21EDF83A2A0146BE000C9BFF /* ListSearchViewController.swift in Sources */ = {isa = PBXBuildFile; fileRef = 21EDF8392A0146BE000C9BFF /* ListSearchViewController.swift */; };
		21EDF83E2A014B52000C9BFF /* ListSearchView.swift in Sources */ = {isa = PBXBuildFile; fileRef = 21EDF83D2A014B52000C9BFF /* ListSearchView.swift */; };
		21EDF8402A0158BC000C9BFF /* SearchTableViewCell.swift in Sources */ = {isa = PBXBuildFile; fileRef = 21EDF83F2A0158BC000C9BFF /* SearchTableViewCell.swift */; };
		21EDF8432A0172E7000C9BFF /* ListSearchViewModel.swift in Sources */ = {isa = PBXBuildFile; fileRef = 21EDF8422A0172E7000C9BFF /* ListSearchViewModel.swift */; };
		21EDF8562A018B4C000C9BFF /* NASAClientMockAPI.swift in Sources */ = {isa = PBXBuildFile; fileRef = 21EDF8552A018B4C000C9BFF /* NASAClientMockAPI.swift */; };
		21EDF8612A0197A3000C9BFF /* NASAClientAPITests.swift in Sources */ = {isa = PBXBuildFile; fileRef = 21EDF8602A0197A3000C9BFF /* NASAClientAPITests.swift */; };
		21EDF8632A019BDB000C9BFF /* mars-page-1.json in Resources */ = {isa = PBXBuildFile; fileRef = 21EDF8582A01931A000C9BFF /* mars-page-1.json */; };
		21EDF8642A019BDB000C9BFF /* mars-page-2.json in Resources */ = {isa = PBXBuildFile; fileRef = 21EDF8592A019394000C9BFF /* mars-page-2.json */; };
		21EDF8652A019BDB000C9BFF /* empty-results.json in Resources */ = {isa = PBXBuildFile; fileRef = 21EDF85B2A01941C000C9BFF /* empty-results.json */; };
		21EDF8662A019BDB000C9BFF /* jupiter-page-1.json in Resources */ = {isa = PBXBuildFile; fileRef = 21EDF85E2A01954C000C9BFF /* jupiter-page-1.json */; };
		21EDF8682A01A02A000C9BFF /* error.json in Resources */ = {isa = PBXBuildFile; fileRef = 21EDF8672A01A02A000C9BFF /* error.json */; };
/* End PBXBuildFile section */

/* Begin PBXContainerItemProxy section */
		21EDF84C2A018AD6000C9BFF /* PBXContainerItemProxy */ = {
			isa = PBXContainerItemProxy;
			containerPortal = 21EDF81429FEB887000C9BFF /* Project object */;
			proxyType = 1;
			remoteGlobalIDString = 21EDF81B29FEB887000C9BFF;
			remoteInfo = NASA;
		};
/* End PBXContainerItemProxy section */

/* Begin PBXFileReference section */
		21EDF81C29FEB887000C9BFF /* NASA.app */ = {isa = PBXFileReference; explicitFileType = wrapper.application; includeInIndex = 0; path = NASA.app; sourceTree = BUILT_PRODUCTS_DIR; };
		21EDF81F29FEB887000C9BFF /* NASAApp.swift */ = {isa = PBXFileReference; lastKnownFileType = sourcecode.swift; path = NASAApp.swift; sourceTree = "<group>"; };
		21EDF82329FEB88A000C9BFF /* Assets.xcassets */ = {isa = PBXFileReference; lastKnownFileType = folder.assetcatalog; path = Assets.xcassets; sourceTree = "<group>"; };
		21EDF82629FEB88A000C9BFF /* Preview Assets.xcassets */ = {isa = PBXFileReference; lastKnownFileType = folder.assetcatalog; path = "Preview Assets.xcassets"; sourceTree = "<group>"; };
		21EDF82E29FEBA6E000C9BFF /* SearchResult.swift */ = {isa = PBXFileReference; lastKnownFileType = sourcecode.swift; path = SearchResult.swift; sourceTree = "<group>"; };
		21EDF83029FEBF9D000C9BFF /* SearchResults.swift */ = {isa = PBXFileReference; lastKnownFileType = sourcecode.swift; path = SearchResults.swift; sourceTree = "<group>"; };
		21EDF83329FECDB3000C9BFF /* NASAClientAPI.swift */ = {isa = PBXFileReference; lastKnownFileType = sourcecode.swift; path = NASAClientAPI.swift; sourceTree = "<group>"; };
		21EDF83629FEE139000C9BFF /* ImageLoader.swift */ = {isa = PBXFileReference; lastKnownFileType = sourcecode.swift; path = ImageLoader.swift; sourceTree = "<group>"; };
		21EDF8392A0146BE000C9BFF /* ListSearchViewController.swift */ = {isa = PBXFileReference; lastKnownFileType = sourcecode.swift; path = ListSearchViewController.swift; sourceTree = "<group>"; };
		21EDF83D2A014B52000C9BFF /* ListSearchView.swift */ = {isa = PBXFileReference; lastKnownFileType = sourcecode.swift; path = ListSearchView.swift; sourceTree = "<group>"; };
		21EDF83F2A0158BC000C9BFF /* SearchTableViewCell.swift */ = {isa = PBXFileReference; lastKnownFileType = sourcecode.swift; path = SearchTableViewCell.swift; sourceTree = "<group>"; };
		21EDF8422A0172E7000C9BFF /* ListSearchViewModel.swift */ = {isa = PBXFileReference; lastKnownFileType = sourcecode.swift; path = ListSearchViewModel.swift; sourceTree = "<group>"; };
		21EDF8482A018AD6000C9BFF /* NASATests.xctest */ = {isa = PBXFileReference; explicitFileType = wrapper.cfbundle; includeInIndex = 0; path = NASATests.xctest; sourceTree = BUILT_PRODUCTS_DIR; };
		21EDF8552A018B4C000C9BFF /* NASAClientMockAPI.swift */ = {isa = PBXFileReference; lastKnownFileType = sourcecode.swift; path = NASAClientMockAPI.swift; sourceTree = "<group>"; };
		21EDF8582A01931A000C9BFF /* mars-page-1.json */ = {isa = PBXFileReference; lastKnownFileType = text.json; path = "mars-page-1.json"; sourceTree = "<group>"; };
		21EDF8592A019394000C9BFF /* mars-page-2.json */ = {isa = PBXFileReference; lastKnownFileType = text.json; path = "mars-page-2.json"; sourceTree = "<group>"; };
		21EDF85B2A01941C000C9BFF /* empty-results.json */ = {isa = PBXFileReference; lastKnownFileType = text.json; path = "empty-results.json"; sourceTree = "<group>"; };
		21EDF85E2A01954C000C9BFF /* jupiter-page-1.json */ = {isa = PBXFileReference; lastKnownFileType = text.json; path = "jupiter-page-1.json"; sourceTree = "<group>"; };
		21EDF8602A0197A3000C9BFF /* NASAClientAPITests.swift */ = {isa = PBXFileReference; lastKnownFileType = sourcecode.swift; path = NASAClientAPITests.swift; sourceTree = "<group>"; };
		21EDF8622A019959000C9BFF /* NASA.xctestplan */ = {isa = PBXFileReference; lastKnownFileType = text; path = NASA.xctestplan; sourceTree = "<group>"; };
		21EDF8672A01A02A000C9BFF /* error.json */ = {isa = PBXFileReference; lastKnownFileType = text.json; path = error.json; sourceTree = "<group>"; };
/* End PBXFileReference section */

/* Begin PBXFrameworksBuildPhase section */
		21EDF81929FEB887000C9BFF /* Frameworks */ = {
			isa = PBXFrameworksBuildPhase;
			buildActionMask = 2147483647;
			files = (
			);
			runOnlyForDeploymentPostprocessing = 0;
		};
		21EDF8452A018AD6000C9BFF /* Frameworks */ = {
			isa = PBXFrameworksBuildPhase;
			buildActionMask = 2147483647;
			files = (
			);
			runOnlyForDeploymentPostprocessing = 0;
		};
/* End PBXFrameworksBuildPhase section */

/* Begin PBXGroup section */
		21EDF81329FEB887000C9BFF = {
			isa = PBXGroup;
			children = (
				21EDF8622A019959000C9BFF /* NASA.xctestplan */,
				21EDF81E29FEB887000C9BFF /* NASA */,
				21EDF8492A018AD6000C9BFF /* NASATests */,
				21EDF81D29FEB887000C9BFF /* Products */,
			);
			sourceTree = "<group>";
		};
		21EDF81D29FEB887000C9BFF /* Products */ = {
			isa = PBXGroup;
			children = (
				21EDF81C29FEB887000C9BFF /* NASA.app */,
				21EDF8482A018AD6000C9BFF /* NASATests.xctest */,
			);
			name = Products;
			sourceTree = "<group>";
		};
		21EDF81E29FEB887000C9BFF /* NASA */ = {
			isa = PBXGroup;
			children = (
				21EDF81F29FEB887000C9BFF /* NASAApp.swift */,
				21EDF83529FEE119000C9BFF /* Network */,
				21EDF82D29FEBA4F000C9BFF /* Model */,
				21EDF8382A01468F000C9BFF /* ListSearch */,
				21EDF82329FEB88A000C9BFF /* Assets.xcassets */,
				21EDF82529FEB88A000C9BFF /* Preview Content */,
			);
			path = NASA;
			sourceTree = "<group>";
		};
		21EDF82529FEB88A000C9BFF /* Preview Content */ = {
			isa = PBXGroup;
			children = (
				21EDF82629FEB88A000C9BFF /* Preview Assets.xcassets */,
			);
			path = "Preview Content";
			sourceTree = "<group>";
		};
		21EDF82D29FEBA4F000C9BFF /* Model */ = {
			isa = PBXGroup;
			children = (
				21EDF82E29FEBA6E000C9BFF /* SearchResult.swift */,
				21EDF83029FEBF9D000C9BFF /* SearchResults.swift */,
			);
			path = Model;
			sourceTree = "<group>";
		};
		21EDF83529FEE119000C9BFF /* Network */ = {
			isa = PBXGroup;
			children = (
				21EDF83329FECDB3000C9BFF /* NASAClientAPI.swift */,
				21EDF83629FEE139000C9BFF /* ImageLoader.swift */,
			);
			path = Network;
			sourceTree = "<group>";
		};
		21EDF8382A01468F000C9BFF /* ListSearch */ = {
			isa = PBXGroup;
			children = (
				21EDF8412A0172D4000C9BFF /* ViewModel */,
				21EDF83C2A014B45000C9BFF /* View */,
				21EDF83B2A014B37000C9BFF /* Controller */,
			);
			path = ListSearch;
			sourceTree = "<group>";
		};
		21EDF83B2A014B37000C9BFF /* Controller */ = {
			isa = PBXGroup;
			children = (
				21EDF8392A0146BE000C9BFF /* ListSearchViewController.swift */,
			);
			path = Controller;
			sourceTree = "<group>";
		};
		21EDF83C2A014B45000C9BFF /* View */ = {
			isa = PBXGroup;
			children = (
				21EDF83D2A014B52000C9BFF /* ListSearchView.swift */,
				21EDF83F2A0158BC000C9BFF /* SearchTableViewCell.swift */,
			);
			path = View;
			sourceTree = "<group>";
		};
		21EDF8412A0172D4000C9BFF /* ViewModel */ = {
			isa = PBXGroup;
			children = (
				21EDF8422A0172E7000C9BFF /* ListSearchViewModel.swift */,
			);
			path = ViewModel;
			sourceTree = "<group>";
		};
		21EDF8492A018AD6000C9BFF /* NASATests */ = {
			isa = PBXGroup;
			children = (
				21EDF8522A018AF8000C9BFF /* Tests */,
				21EDF8512A018AF2000C9BFF /* Modules */,
			);
			path = NASATests;
			sourceTree = "<group>";
		};
		21EDF8512A018AF2000C9BFF /* Modules */ = {
			isa = PBXGroup;
			children = (
				21EDF8572A0192E2000C9BFF /* MockData */,
				21EDF8532A018B02000C9BFF /* Network */,
			);
			path = Modules;
			sourceTree = "<group>";
		};
		21EDF8522A018AF8000C9BFF /* Tests */ = {
			isa = PBXGroup;
			children = (
				21EDF8602A0197A3000C9BFF /* NASAClientAPITests.swift */,
			);
			path = Tests;
			sourceTree = "<group>";
		};
		21EDF8532A018B02000C9BFF /* Network */ = {
			isa = PBXGroup;
			children = (
				21EDF8552A018B4C000C9BFF /* NASAClientMockAPI.swift */,
			);
			path = Network;
			sourceTree = "<group>";
		};
		21EDF8572A0192E2000C9BFF /* MockData */ = {
			isa = PBXGroup;
			children = (
				21EDF8582A01931A000C9BFF /* mars-page-1.json */,
				21EDF8592A019394000C9BFF /* mars-page-2.json */,
				21EDF85B2A01941C000C9BFF /* empty-results.json */,
				21EDF85E2A01954C000C9BFF /* jupiter-page-1.json */,
				21EDF8672A01A02A000C9BFF /* error.json */,
			);
			path = MockData;
			sourceTree = "<group>";
		};
/* End PBXGroup section */

/* Begin PBXNativeTarget section */
		21EDF81B29FEB887000C9BFF /* NASA */ = {
			isa = PBXNativeTarget;
			buildConfigurationList = 21EDF82A29FEB88A000C9BFF /* Build configuration list for PBXNativeTarget "NASA" */;
			buildPhases = (
				21EDF81829FEB887000C9BFF /* Sources */,
				21EDF81929FEB887000C9BFF /* Frameworks */,
				21EDF81A29FEB887000C9BFF /* Resources */,
			);
			buildRules = (
			);
			dependencies = (
			);
			name = NASA;
			productName = NASA;
			productReference = 21EDF81C29FEB887000C9BFF /* NASA.app */;
			productType = "com.apple.product-type.application";
		};
		21EDF8472A018AD6000C9BFF /* NASATests */ = {
			isa = PBXNativeTarget;
			buildConfigurationList = 21EDF84E2A018AD6000C9BFF /* Build configuration list for PBXNativeTarget "NASATests" */;
			buildPhases = (
				21EDF8442A018AD6000C9BFF /* Sources */,
				21EDF8452A018AD6000C9BFF /* Frameworks */,
				21EDF8462A018AD6000C9BFF /* Resources */,
			);
			buildRules = (
			);
			dependencies = (
				21EDF84D2A018AD6000C9BFF /* PBXTargetDependency */,
			);
			name = NASATests;
			productName = NASATests;
			productReference = 21EDF8482A018AD6000C9BFF /* NASATests.xctest */;
			productType = "com.apple.product-type.bundle.unit-test";
		};
/* End PBXNativeTarget section */

/* Begin PBXProject section */
		21EDF81429FEB887000C9BFF /* Project object */ = {
			isa = PBXProject;
			attributes = {
				BuildIndependentTargetsInParallel = 1;
				LastSwiftUpdateCheck = 1430;
				LastUpgradeCheck = 1430;
				TargetAttributes = {
					21EDF81B29FEB887000C9BFF = {
						CreatedOnToolsVersion = 14.3;
					};
					21EDF8472A018AD6000C9BFF = {
						CreatedOnToolsVersion = 14.3;
						LastSwiftMigration = 1430;
						TestTargetID = 21EDF81B29FEB887000C9BFF;
					};
				};
			};
			buildConfigurationList = 21EDF81729FEB887000C9BFF /* Build configuration list for PBXProject "NASA" */;
			compatibilityVersion = "Xcode 14.0";
			developmentRegion = en;
			hasScannedForEncodings = 0;
			knownRegions = (
				en,
				Base,
			);
			mainGroup = 21EDF81329FEB887000C9BFF;
			productRefGroup = 21EDF81D29FEB887000C9BFF /* Products */;
			projectDirPath = "";
			projectRoot = "";
			targets = (
				21EDF81B29FEB887000C9BFF /* NASA */,
				21EDF8472A018AD6000C9BFF /* NASATests */,
			);
		};
/* End PBXProject section */

/* Begin PBXResourcesBuildPhase section */
		21EDF81A29FEB887000C9BFF /* Resources */ = {
			isa = PBXResourcesBuildPhase;
			buildActionMask = 2147483647;
			files = (
				21EDF82729FEB88A000C9BFF /* Preview Assets.xcassets in Resources */,
				21EDF82429FEB88A000C9BFF /* Assets.xcassets in Resources */,
			);
			runOnlyForDeploymentPostprocessing = 0;
		};
		21EDF8462A018AD6000C9BFF /* Resources */ = {
			isa = PBXResourcesBuildPhase;
			buildActionMask = 2147483647;
			files = (
				21EDF8682A01A02A000C9BFF /* error.json in Resources */,
				21EDF8632A019BDB000C9BFF /* mars-page-1.json in Resources */,
				21EDF8642A019BDB000C9BFF /* mars-page-2.json in Resources */,
				21EDF8652A019BDB000C9BFF /* empty-results.json in Resources */,
				21EDF8662A019BDB000C9BFF /* jupiter-page-1.json in Resources */,
			);
			runOnlyForDeploymentPostprocessing = 0;
		};
/* End PBXResourcesBuildPhase section */

/* Begin PBXSourcesBuildPhase section */
		21EDF81829FEB887000C9BFF /* Sources */ = {
			isa = PBXSourcesBuildPhase;
			buildActionMask = 2147483647;
			files = (
				21EDF82F29FEBA6E000C9BFF /* SearchResult.swift in Sources */,
				21EDF83729FEE139000C9BFF /* ImageLoader.swift in Sources */,
				21EDF83129FEBF9D000C9BFF /* SearchResults.swift in Sources */,
				21EDF83E2A014B52000C9BFF /* ListSearchView.swift in Sources */,
				21EDF82029FEB887000C9BFF /* NASAApp.swift in Sources */,
				21EDF8402A0158BC000C9BFF /* SearchTableViewCell.swift in Sources */,
				21EDF83A2A0146BE000C9BFF /* ListSearchViewController.swift in Sources */,
				21EDF8432A0172E7000C9BFF /* ListSearchViewModel.swift in Sources */,
				21EDF83429FECDB3000C9BFF /* NASAClientAPI.swift in Sources */,
			);
			runOnlyForDeploymentPostprocessing = 0;
		};
		21EDF8442A018AD6000C9BFF /* Sources */ = {
			isa = PBXSourcesBuildPhase;
			buildActionMask = 2147483647;
			files = (
				21EDF8612A0197A3000C9BFF /* NASAClientAPITests.swift in Sources */,
				21EDF8562A018B4C000C9BFF /* NASAClientMockAPI.swift in Sources */,
			);
			runOnlyForDeploymentPostprocessing = 0;
		};
/* End PBXSourcesBuildPhase section */

/* Begin PBXTargetDependency section */
		21EDF84D2A018AD6000C9BFF /* PBXTargetDependency */ = {
			isa = PBXTargetDependency;
			target = 21EDF81B29FEB887000C9BFF /* NASA */;
			targetProxy = 21EDF84C2A018AD6000C9BFF /* PBXContainerItemProxy */;
		};
/* End PBXTargetDependency section */

/* Begin XCBuildConfiguration section */
		21EDF82829FEB88A000C9BFF /* Debug */ = {
			isa = XCBuildConfiguration;
			buildSettings = {
				ALWAYS_SEARCH_USER_PATHS = NO;
				CLANG_ANALYZER_NONNULL = YES;
				CLANG_ANALYZER_NUMBER_OBJECT_CONVERSION = YES_AGGRESSIVE;
				CLANG_CXX_LANGUAGE_STANDARD = "gnu++20";
				CLANG_ENABLE_MODULES = YES;
				CLANG_ENABLE_OBJC_ARC = YES;
				CLANG_ENABLE_OBJC_WEAK = YES;
				CLANG_WARN_BLOCK_CAPTURE_AUTORELEASING = YES;
				CLANG_WARN_BOOL_CONVERSION = YES;
				CLANG_WARN_COMMA = YES;
				CLANG_WARN_CONSTANT_CONVERSION = YES;
				CLANG_WARN_DEPRECATED_OBJC_IMPLEMENTATIONS = YES;
				CLANG_WARN_DIRECT_OBJC_ISA_USAGE = YES_ERROR;
				CLANG_WARN_DOCUMENTATION_COMMENTS = YES;
				CLANG_WARN_EMPTY_BODY = YES;
				CLANG_WARN_ENUM_CONVERSION = YES;
				CLANG_WARN_INFINITE_RECURSION = YES;
				CLANG_WARN_INT_CONVERSION = YES;
				CLANG_WARN_NON_LITERAL_NULL_CONVERSION = YES;
				CLANG_WARN_OBJC_IMPLICIT_RETAIN_SELF = YES;
				CLANG_WARN_OBJC_LITERAL_CONVERSION = YES;
				CLANG_WARN_OBJC_ROOT_CLASS = YES_ERROR;
				CLANG_WARN_QUOTED_INCLUDE_IN_FRAMEWORK_HEADER = YES;
				CLANG_WARN_RANGE_LOOP_ANALYSIS = YES;
				CLANG_WARN_STRICT_PROTOTYPES = YES;
				CLANG_WARN_SUSPICIOUS_MOVE = YES;
				CLANG_WARN_UNGUARDED_AVAILABILITY = YES_AGGRESSIVE;
				CLANG_WARN_UNREACHABLE_CODE = YES;
				CLANG_WARN__DUPLICATE_METHOD_MATCH = YES;
				COPY_PHASE_STRIP = NO;
				DEBUG_INFORMATION_FORMAT = dwarf;
				ENABLE_STRICT_OBJC_MSGSEND = YES;
				ENABLE_TESTABILITY = YES;
				GCC_C_LANGUAGE_STANDARD = gnu11;
				GCC_DYNAMIC_NO_PIC = NO;
				GCC_NO_COMMON_BLOCKS = YES;
				GCC_OPTIMIZATION_LEVEL = 0;
				GCC_PREPROCESSOR_DEFINITIONS = (
					"DEBUG=1",
					"$(inherited)",
				);
				GCC_WARN_64_TO_32_BIT_CONVERSION = YES;
				GCC_WARN_ABOUT_RETURN_TYPE = YES_ERROR;
				GCC_WARN_UNDECLARED_SELECTOR = YES;
				GCC_WARN_UNINITIALIZED_AUTOS = YES_AGGRESSIVE;
				GCC_WARN_UNUSED_FUNCTION = YES;
				GCC_WARN_UNUSED_VARIABLE = YES;
				IPHONEOS_DEPLOYMENT_TARGET = 16.4;
				MTL_ENABLE_DEBUG_INFO = INCLUDE_SOURCE;
				MTL_FAST_MATH = YES;
				ONLY_ACTIVE_ARCH = YES;
				SDKROOT = iphoneos;
				SWIFT_ACTIVE_COMPILATION_CONDITIONS = DEBUG;
				SWIFT_OPTIMIZATION_LEVEL = "-Onone";
			};
			name = Debug;
		};
		21EDF82929FEB88A000C9BFF /* Release */ = {
			isa = XCBuildConfiguration;
			buildSettings = {
				ALWAYS_SEARCH_USER_PATHS = NO;
				CLANG_ANALYZER_NONNULL = YES;
				CLANG_ANALYZER_NUMBER_OBJECT_CONVERSION = YES_AGGRESSIVE;
				CLANG_CXX_LANGUAGE_STANDARD = "gnu++20";
				CLANG_ENABLE_MODULES = YES;
				CLANG_ENABLE_OBJC_ARC = YES;
				CLANG_ENABLE_OBJC_WEAK = YES;
				CLANG_WARN_BLOCK_CAPTURE_AUTORELEASING = YES;
				CLANG_WARN_BOOL_CONVERSION = YES;
				CLANG_WARN_COMMA = YES;
				CLANG_WARN_CONSTANT_CONVERSION = YES;
				CLANG_WARN_DEPRECATED_OBJC_IMPLEMENTATIONS = YES;
				CLANG_WARN_DIRECT_OBJC_ISA_USAGE = YES_ERROR;
				CLANG_WARN_DOCUMENTATION_COMMENTS = YES;
				CLANG_WARN_EMPTY_BODY = YES;
				CLANG_WARN_ENUM_CONVERSION = YES;
				CLANG_WARN_INFINITE_RECURSION = YES;
				CLANG_WARN_INT_CONVERSION = YES;
				CLANG_WARN_NON_LITERAL_NULL_CONVERSION = YES;
				CLANG_WARN_OBJC_IMPLICIT_RETAIN_SELF = YES;
				CLANG_WARN_OBJC_LITERAL_CONVERSION = YES;
				CLANG_WARN_OBJC_ROOT_CLASS = YES_ERROR;
				CLANG_WARN_QUOTED_INCLUDE_IN_FRAMEWORK_HEADER = YES;
				CLANG_WARN_RANGE_LOOP_ANALYSIS = YES;
				CLANG_WARN_STRICT_PROTOTYPES = YES;
				CLANG_WARN_SUSPICIOUS_MOVE = YES;
				CLANG_WARN_UNGUARDED_AVAILABILITY = YES_AGGRESSIVE;
				CLANG_WARN_UNREACHABLE_CODE = YES;
				CLANG_WARN__DUPLICATE_METHOD_MATCH = YES;
				COPY_PHASE_STRIP = NO;
				DEBUG_INFORMATION_FORMAT = "dwarf-with-dsym";
				ENABLE_NS_ASSERTIONS = NO;
				ENABLE_STRICT_OBJC_MSGSEND = YES;
				GCC_C_LANGUAGE_STANDARD = gnu11;
				GCC_NO_COMMON_BLOCKS = YES;
				GCC_WARN_64_TO_32_BIT_CONVERSION = YES;
				GCC_WARN_ABOUT_RETURN_TYPE = YES_ERROR;
				GCC_WARN_UNDECLARED_SELECTOR = YES;
				GCC_WARN_UNINITIALIZED_AUTOS = YES_AGGRESSIVE;
				GCC_WARN_UNUSED_FUNCTION = YES;
				GCC_WARN_UNUSED_VARIABLE = YES;
				IPHONEOS_DEPLOYMENT_TARGET = 16.4;
				MTL_ENABLE_DEBUG_INFO = NO;
				MTL_FAST_MATH = YES;
				SDKROOT = iphoneos;
				SWIFT_COMPILATION_MODE = wholemodule;
				SWIFT_OPTIMIZATION_LEVEL = "-O";
				VALIDATE_PRODUCT = YES;
			};
			name = Release;
		};
		21EDF82B29FEB88A000C9BFF /* Debug */ = {
			isa = XCBuildConfiguration;
			buildSettings = {
				ASSETCATALOG_COMPILER_APPICON_NAME = AppIcon;
				ASSETCATALOG_COMPILER_GLOBAL_ACCENT_COLOR_NAME = AccentColor;
				CODE_SIGN_STYLE = Automatic;
				CURRENT_PROJECT_VERSION = 1;
				DEVELOPMENT_ASSET_PATHS = "\"NASA/Preview Content\"";
				ENABLE_PREVIEWS = YES;
				GENERATE_INFOPLIST_FILE = YES;
				INFOPLIST_KEY_UIApplicationSceneManifest_Generation = YES;
				INFOPLIST_KEY_UIApplicationSupportsIndirectInputEvents = YES;
				INFOPLIST_KEY_UILaunchScreen_Generation = YES;
				INFOPLIST_KEY_UISupportedInterfaceOrientations = UIInterfaceOrientationPortrait;
				INFOPLIST_KEY_UISupportedInterfaceOrientations_iPad = "UIInterfaceOrientationLandscapeLeft UIInterfaceOrientationLandscapeRight UIInterfaceOrientationPortrait UIInterfaceOrientationPortraitUpsideDown";
				LD_RUNPATH_SEARCH_PATHS = (
					"$(inherited)",
					"@executable_path/Frameworks",
				);
				MARKETING_VERSION = 1.0;
				PRODUCT_BUNDLE_IDENTIFIER = com.test.NASA;
				PRODUCT_NAME = "$(TARGET_NAME)";
				SUPPORTED_PLATFORMS = "iphoneos iphonesimulator";
				SUPPORTS_MACCATALYST = NO;
				SUPPORTS_MAC_DESIGNED_FOR_IPHONE_IPAD = NO;
				SWIFT_EMIT_LOC_STRINGS = YES;
				SWIFT_VERSION = 5.0;
				TARGETED_DEVICE_FAMILY = "1,2";
			};
			name = Debug;
		};
		21EDF82C29FEB88A000C9BFF /* Release */ = {
			isa = XCBuildConfiguration;
			buildSettings = {
				ASSETCATALOG_COMPILER_APPICON_NAME = AppIcon;
				ASSETCATALOG_COMPILER_GLOBAL_ACCENT_COLOR_NAME = AccentColor;
				CODE_SIGN_STYLE = Automatic;
				CURRENT_PROJECT_VERSION = 1;
				DEVELOPMENT_ASSET_PATHS = "\"NASA/Preview Content\"";
				ENABLE_PREVIEWS = YES;
				GENERATE_INFOPLIST_FILE = YES;
				INFOPLIST_KEY_UIApplicationSceneManifest_Generation = YES;
				INFOPLIST_KEY_UIApplicationSupportsIndirectInputEvents = YES;
				INFOPLIST_KEY_UILaunchScreen_Generation = YES;
				INFOPLIST_KEY_UISupportedInterfaceOrientations = UIInterfaceOrientationPortrait;
				INFOPLIST_KEY_UISupportedInterfaceOrientations_iPad = "UIInterfaceOrientationLandscapeLeft UIInterfaceOrientationLandscapeRight UIInterfaceOrientationPortrait UIInterfaceOrientationPortraitUpsideDown";
				LD_RUNPATH_SEARCH_PATHS = (
					"$(inherited)",
					"@executable_path/Frameworks",
				);
				MARKETING_VERSION = 1.0;
				PRODUCT_BUNDLE_IDENTIFIER = com.test.NASA;
				PRODUCT_NAME = "$(TARGET_NAME)";
				SUPPORTED_PLATFORMS = "iphoneos iphonesimulator";
				SUPPORTS_MACCATALYST = NO;
				SUPPORTS_MAC_DESIGNED_FOR_IPHONE_IPAD = NO;
				SWIFT_EMIT_LOC_STRINGS = YES;
				SWIFT_VERSION = 5.0;
				TARGETED_DEVICE_FAMILY = "1,2";
			};
			name = Release;
		};
		21EDF84F2A018AD6000C9BFF /* Debug */ = {
			isa = XCBuildConfiguration;
			buildSettings = {
				BUNDLE_LOADER = "$(TEST_HOST)";
				CLANG_ENABLE_MODULES = YES;
				CODE_SIGN_STYLE = Automatic;
				CURRENT_PROJECT_VERSION = 1;
				GENERATE_INFOPLIST_FILE = YES;
				IPHONEOS_DEPLOYMENT_TARGET = 16.4;
				MACOSX_DEPLOYMENT_TARGET = 13.3;
				MARKETING_VERSION = 1.0;
				PRODUCT_BUNDLE_IDENTIFIER = com.test.NASATests;
				PRODUCT_NAME = "$(TARGET_NAME)";
				SDKROOT = auto;
				SUPPORTED_PLATFORMS = "iphoneos iphonesimulator";
				SUPPORTS_MACCATALYST = NO;
				SUPPORTS_MAC_DESIGNED_FOR_IPHONE_IPAD = NO;
				SWIFT_EMIT_LOC_STRINGS = NO;
				SWIFT_OPTIMIZATION_LEVEL = "-Onone";
				SWIFT_VERSION = 5.0;
				TARGETED_DEVICE_FAMILY = "1,2";
				TEST_HOST = "$(BUILT_PRODUCTS_DIR)/NASA.app/$(BUNDLE_EXECUTABLE_FOLDER_PATH)/NASA";
			};
			name = Debug;
		};
		21EDF8502A018AD6000C9BFF /* Release */ = {
			isa = XCBuildConfiguration;
			buildSettings = {
				BUNDLE_LOADER = "$(TEST_HOST)";
				CLANG_ENABLE_MODULES = YES;
				CODE_SIGN_STYLE = Automatic;
				CURRENT_PROJECT_VERSION = 1;
				GENERATE_INFOPLIST_FILE = YES;
				IPHONEOS_DEPLOYMENT_TARGET = 16.4;
				MACOSX_DEPLOYMENT_TARGET = 13.3;
				MARKETING_VERSION = 1.0;
				PRODUCT_BUNDLE_IDENTIFIER = com.test.NASATests;
				PRODUCT_NAME = "$(TARGET_NAME)";
				SDKROOT = auto;
				SUPPORTED_PLATFORMS = "iphoneos iphonesimulator";
				SUPPORTS_MACCATALYST = NO;
				SUPPORTS_MAC_DESIGNED_FOR_IPHONE_IPAD = NO;
				SWIFT_EMIT_LOC_STRINGS = NO;
				SWIFT_VERSION = 5.0;
				TARGETED_DEVICE_FAMILY = "1,2";
				TEST_HOST = "$(BUILT_PRODUCTS_DIR)/NASA.app/$(BUNDLE_EXECUTABLE_FOLDER_PATH)/NASA";
			};
			name = Release;
		};
/* End XCBuildConfiguration section */

/* Begin XCConfigurationList section */
		21EDF81729FEB887000C9BFF /* Build configuration list for PBXProject "NASA" */ = {
			isa = XCConfigurationList;
			buildConfigurations = (
				21EDF82829FEB88A000C9BFF /* Debug */,
				21EDF82929FEB88A000C9BFF /* Release */,
			);
			defaultConfigurationIsVisible = 0;
			defaultConfigurationName = Release;
		};
		21EDF82A29FEB88A000C9BFF /* Build configuration list for PBXNativeTarget "NASA" */ = {
			isa = XCConfigurationList;
			buildConfigurations = (
				21EDF82B29FEB88A000C9BFF /* Debug */,
				21EDF82C29FEB88A000C9BFF /* Release */,
			);
			defaultConfigurationIsVisible = 0;
			defaultConfigurationName = Release;
		};
		21EDF84E2A018AD6000C9BFF /* Build configuration list for PBXNativeTarget "NASATests" */ = {
			isa = XCConfigurationList;
			buildConfigurations = (
				21EDF84F2A018AD6000C9BFF /* Debug */,
				21EDF8502A018AD6000C9BFF /* Release */,
			);
			defaultConfigurationIsVisible = 0;
			defaultConfigurationName = Release;
		};
/* End XCConfigurationList section */
	};
	rootObject = 21EDF81429FEB887000C9BFF /* Project object */;
}
